PODS:
  - BrightFreddy (0.1.0):
    - BrightFutures (~> 3.3.0)
    - Freddy (~> 2.0.2)
  - BrightFutures (3.3.0):
    - Result (~> 1.0)
  - Freddy (2.0.2)
  - Result (1.0.2)

DEPENDENCIES:
  - BrightFreddy (from `../`)

EXTERNAL SOURCES:
  BrightFreddy:
    :path: ../

SPEC CHECKSUMS:
  BrightFreddy: f502b8514660a01f7bc749f12ae22d47f6b5a71a
  BrightFutures: f4b491b3107487a0469973a74f81f334eb0ed60a
  Freddy: e53713b8d5be02dbf5f4132c44d899d99eb09a6b
  Result: dd3dd71af3fa2e262f1a999e14fba2c25ec14f16

PODFILE CHECKSUM: 6287ce2d57b470381986fab7ca41314215c39918

COCOAPODS: 1.0.0.beta.6
